
Microsoft Visual Studio Solution File, Format Version 12.00
Project("{FAE04EC0-301F-11D3-BF4B-00C04F79EFBC}") = "Test2", "Test2\Test2.csproj", "{BDB8DD23-8D90-41EE-A640-C1C20DA54F75}"
EndProject
Project("{FAE04EC0-301F-11D3-BF4B-00C04F79EFBC}") = "Test1", "Test1\Test1.csproj", "{C0D94FE6-7BF1-4EC4-85A6-37E5407C4839}"
EndProject
Global
	GlobalSection(SolutionConfigurationPlatforms) = preSolution
		Debug|Any CPU = Debug|Any CPU
		Release|Any CPU = Release|Any CPU
	EndGlobalSection
	GlobalSection(ProjectConfigurationPlatforms) = postSolution
		{BDB8DD23-8D90-41EE-A640-C1C20DA54F75}.Debug|Any CPU.ActiveCfg = Debug|Any CPU
		{BDB8DD23-8D90-41EE-A640-C1C20DA54F75}.Debug|Any CPU.Build.0 = Debug|Any CPU
		{BDB8DD23-8D90-41EE-A640-C1C20DA54F75}.Release|Any CPU.ActiveCfg = Release|Any CPU
		{BDB8DD23-8D90-41EE-A640-C1C20DA54F75}.Release|Any CPU.Build.0 = Release|Any CPU
		{C0D94FE6-7BF1-4EC4-85A6-37E5407C4839}.Debug|Any CPU.ActiveCfg = Debug|Any CPU
		{C0D94FE6-7BF1-4EC4-85A6-37E5407C4839}.Debug|Any CPU.Build.0 = Debug|Any CPU
		{C0D94FE6-7BF1-4EC4-85A6-37E5407C4839}.Release|Any CPU.ActiveCfg = Release|Any CPU
		{C0D94FE6-7BF1-4EC4-85A6-37E5407C4839}.Release|Any CPU.Build.0 = Release|Any CPU
	EndGlobalSection
EndGlobal
